
Microsoft Visual Studio Solution File, Format Version 12.00
# Visual Studio Version 16
VisualStudioVersion = 16.0.30611.23
MinimumVisualStudioVersion = 10.0.40219.1
Project("{9A19103F-16F7-4668-BE54-9A1E7A4F7556}") = "Globomantics", "Globomantics\Globomantics.csproj", "{7DA26ACE-DB93-493F-8AF6-3818ADCF53F9}"
EndProject
Project("{9A19103F-16F7-4668-BE54-9A1E7A4F7556}") = "Shared", "Shared\Shared.csproj", "{A63FE6A1-F297-4570-A833-812639475E97}"
EndProject
Project("{FAE04EC0-301F-11D3-BF4B-00C04F79EFBC}") = "Exchange", "Exchange\Exchange.csproj", "{7E711105-CFDC-4D63-A477-974A3898A6EB}"
EndProject
Global
	GlobalSection(SolutionConfigurationPlatforms) = preSolution
		Debug|Any CPU = Debug|Any CPU
		Release|Any CPU = Release|Any CPU
	EndGlobalSection
	GlobalSection(ProjectConfigurationPlatforms) = postSolution
		{7DA26ACE-DB93-493F-8AF6-3818ADCF53F9}.Debug|Any CPU.ActiveCfg = Debug|Any CPU
		{7DA26ACE-DB93-493F-8AF6-3818ADCF53F9}.Debug|Any CPU.Build.0 = Debug|Any CPU
		{7DA26ACE-DB93-493F-8AF6-3818ADCF53F9}.Release|Any CPU.ActiveCfg = Release|Any CPU
		{7DA26ACE-DB93-493F-8AF6-3818ADCF53F9}.Release|Any CPU.Build.0 = Release|Any CPU
		{A63FE6A1-F297-4570-A833-812639475E97}.Debug|Any CPU.ActiveCfg = Debug|Any CPU
		{A63FE6A1-F297-4570-A833-812639475E97}.Debug|Any CPU.Build.0 = Debug|Any CPU
		{A63FE6A1-F297-4570-A833-812639475E97}.Release|Any CPU.ActiveCfg = Release|Any CPU
		{A63FE6A1-F297-4570-A833-812639475E97}.Release|Any CPU.Build.0 = Release|Any CPU
		{7E711105-CFDC-4D63-A477-974A3898A6EB}.Debug|Any CPU.ActiveCfg = Debug|Any CPU
		{7E711105-CFDC-4D63-A477-974A3898A6EB}.Debug|Any CPU.Build.0 = Debug|Any CPU
		{7E711105-CFDC-4D63-A477-974A3898A6EB}.Release|Any CPU.ActiveCfg = Release|Any CPU
		{7E711105-CFDC-4D63-A477-974A3898A6EB}.Release|Any CPU.Build.0 = Release|Any CPU
	EndGlobalSection
	GlobalSection(SolutionProperties) = preSolution
		HideSolutionNode = FALSE
	EndGlobalSection
	GlobalSection(ExtensibilityGlobals) = postSolution
		SolutionGuid = {E6376A48-D22A-4ED5-8C33-8AE9666B4727}
	EndGlobalSection
EndGlobal
